
Microsoft Visual Studio Solution File, Format Version 12.00
# Visual Studio 15
VisualStudioVersion = 15.0.27703.2035
MinimumVisualStudioVersion = 10.0.40219.1
Project("{FAE04EC0-301F-11D3-BF4B-00C04F79EFBC}") = "api", "api\api.csproj", "{3A1620C2-8093-4863-8413-9C6BABD5E2D2}"
EndProject
Global
	GlobalSection(SolutionConfigurationPlatforms) = preSolution
		Debug|Any CPU = Debug|Any CPU
		Release|Any CPU = Release|Any CPU
	EndGlobalSection
	GlobalSection(ProjectConfigurationPlatforms) = postSolution
		{3A1620C2-8093-4863-8413-9C6BABD5E2D2}.Debug|Any CPU.ActiveCfg = Debug|Any CPU
		{3A1620C2-8093-4863-8413-9C6BABD5E2D2}.Debug|Any CPU.Build.0 = Debug|Any CPU
		{3A1620C2-8093-4863-8413-9C6BABD5E2D2}.Release|Any CPU.ActiveCfg = Release|Any CPU
		{3A1620C2-8093-4863-8413-9C6BABD5E2D2}.Release|Any CPU.Build.0 = Release|Any CPU
	EndGlobalSection
	GlobalSection(SolutionProperties) = preSolution
		HideSolutionNode = FALSE
	EndGlobalSection
	GlobalSection(ExtensibilityGlobals) = postSolution
		SolutionGuid = {1B3E929D-3A88-4610-AE9B-A43396417F2F}
	EndGlobalSection
EndGlobal
